
Microsoft Visual Studio Solution File, Format Version 12.00
# Visual Studio Version 16
VisualStudioVersion = 16.0.30011.22
MinimumVisualStudioVersion = 10.0.40219.1
Project("{FAE04EC0-301F-11D3-BF4B-00C04F79EFBC}") = "BubbleSort", "BubbleSort\BubbleSort.csproj", "{3F263121-0AD2-4BB1-8DDC-80646018BEEC}"
EndProject
Global
	GlobalSection(SolutionConfigurationPlatforms) = preSolution
		Debug|Any CPU = Debug|Any CPU
		Release|Any CPU = Release|Any CPU
	EndGlobalSection
	GlobalSection(ProjectConfigurationPlatforms) = postSolution
		{3F263121-0AD2-4BB1-8DDC-80646018BEEC}.Debug|Any CPU.ActiveCfg = Debug|Any CPU
		{3F263121-0AD2-4BB1-8DDC-80646018BEEC}.Debug|Any CPU.Build.0 = Debug|Any CPU
		{3F263121-0AD2-4BB1-8DDC-80646018BEEC}.Release|Any CPU.ActiveCfg = Release|Any CPU
		{3F263121-0AD2-4BB1-8DDC-80646018BEEC}.Release|Any CPU.Build.0 = Release|Any CPU
	EndGlobalSection
	GlobalSection(SolutionProperties) = preSolution
		HideSolutionNode = FALSE
	EndGlobalSection
	GlobalSection(ExtensibilityGlobals) = postSolution
		SolutionGuid = {AD25DAE5-4087-4FB7-AB7A-CB5F2C6F0666}
	EndGlobalSection
EndGlobal
